
Microsoft Visual Studio Solution File, Format Version 12.00
# Visual Studio Version 17
VisualStudioVersion = 17.7.34202.233
MinimumVisualStudioVersion = 10.0.40219.1
Project("{9A19103F-16F7-4668-BE54-9A1E7A4F7556}") = "ChaikaTechTestTask.WebAPI", "ChaikaTechTestTask.WebAPI.csproj", "{E26E701C-1D6F-472E-86A9-52D45CD6C5E2}"
EndProject
Project("{FAE04EC0-301F-11D3-BF4B-00C04F79EFBC}") = "ChaikaTechTestTask.Core", "..\ChaikaTechTestTask.Core\ChaikaTechTestTask.Core.csproj", "{9BBBCF23-A97D-41AF-B27B-2C4BFCAA6163}"
EndProject
Global
	GlobalSection(SolutionConfigurationPlatforms) = preSolution
		Debug|Any CPU = Debug|Any CPU
		Release|Any CPU = Release|Any CPU
	EndGlobalSection
	GlobalSection(ProjectConfigurationPlatforms) = postSolution
		{E26E701C-1D6F-472E-86A9-52D45CD6C5E2}.Debug|Any CPU.ActiveCfg = Debug|Any CPU
		{E26E701C-1D6F-472E-86A9-52D45CD6C5E2}.Debug|Any CPU.Build.0 = Debug|Any CPU
		{E26E701C-1D6F-472E-86A9-52D45CD6C5E2}.Release|Any CPU.ActiveCfg = Release|Any CPU
		{E26E701C-1D6F-472E-86A9-52D45CD6C5E2}.Release|Any CPU.Build.0 = Release|Any CPU
		{9BBBCF23-A97D-41AF-B27B-2C4BFCAA6163}.Debug|Any CPU.ActiveCfg = Debug|Any CPU
		{9BBBCF23-A97D-41AF-B27B-2C4BFCAA6163}.Debug|Any CPU.Build.0 = Debug|Any CPU
		{9BBBCF23-A97D-41AF-B27B-2C4BFCAA6163}.Release|Any CPU.ActiveCfg = Release|Any CPU
		{9BBBCF23-A97D-41AF-B27B-2C4BFCAA6163}.Release|Any CPU.Build.0 = Release|Any CPU
	EndGlobalSection
	GlobalSection(SolutionProperties) = preSolution
		HideSolutionNode = FALSE
	EndGlobalSection
	GlobalSection(ExtensibilityGlobals) = postSolution
		SolutionGuid = {C778A7AF-4FA9-4F37-941C-D3B7465EFBDB}
	EndGlobalSection
EndGlobal
